
Microsoft Visual Studio Solution File, Format Version 12.00
# Visual Studio 15
VisualStudioVersion = 15.0.28010.2036
MinimumVisualStudioVersion = 10.0.40219.1
Project("{FAE04EC0-301F-11D3-BF4B-00C04F79EFBC}") = "Landmarks34.Android", "Landmarks34\Landmarks34.Android\Landmarks34.Android.csproj", "{AC341B99-D488-4A37-8037-BF7E5B0CD4E0}"
EndProject
Project("{FAE04EC0-301F-11D3-BF4B-00C04F79EFBC}") = "Landmarks34", "Landmarks34\Landmarks34\Landmarks34.csproj", "{291569B9-0B2F-40CC-AEEF-3A7B4108A399}"
EndProject
Global
	GlobalSection(SolutionConfigurationPlatforms) = preSolution
		Debug|Any CPU = Debug|Any CPU
		Release|Any CPU = Release|Any CPU
	EndGlobalSection
	GlobalSection(ProjectConfigurationPlatforms) = postSolution
		{AC341B99-D488-4A37-8037-BF7E5B0CD4E0}.Debug|Any CPU.ActiveCfg = Debug|Any CPU
		{AC341B99-D488-4A37-8037-BF7E5B0CD4E0}.Debug|Any CPU.Build.0 = Debug|Any CPU
		{AC341B99-D488-4A37-8037-BF7E5B0CD4E0}.Debug|Any CPU.Deploy.0 = Debug|Any CPU
		{AC341B99-D488-4A37-8037-BF7E5B0CD4E0}.Release|Any CPU.ActiveCfg = Release|Any CPU
		{AC341B99-D488-4A37-8037-BF7E5B0CD4E0}.Release|Any CPU.Build.0 = Release|Any CPU
		{AC341B99-D488-4A37-8037-BF7E5B0CD4E0}.Release|Any CPU.Deploy.0 = Release|Any CPU
		{291569B9-0B2F-40CC-AEEF-3A7B4108A399}.Debug|Any CPU.ActiveCfg = Debug|Any CPU
		{291569B9-0B2F-40CC-AEEF-3A7B4108A399}.Debug|Any CPU.Build.0 = Debug|Any CPU
		{291569B9-0B2F-40CC-AEEF-3A7B4108A399}.Debug|Any CPU.Deploy.0 = Debug|Any CPU
		{291569B9-0B2F-40CC-AEEF-3A7B4108A399}.Release|Any CPU.ActiveCfg = Release|Any CPU
		{291569B9-0B2F-40CC-AEEF-3A7B4108A399}.Release|Any CPU.Build.0 = Release|Any CPU
		{291569B9-0B2F-40CC-AEEF-3A7B4108A399}.Release|Any CPU.Deploy.0 = Release|Any CPU
	EndGlobalSection
	GlobalSection(SolutionProperties) = preSolution
		HideSolutionNode = FALSE
	EndGlobalSection
	GlobalSection(ExtensibilityGlobals) = postSolution
		SolutionGuid = {7996E71E-41C1-4459-917A-547C257677A6}
	EndGlobalSection
EndGlobal
